{
  "name": "2-serve",
  "version": "1.0.0",
  "lockfileVersion": 2,
  "requires": true,
  "packages": {
    "": {
      "name": "2-serve",
      "version": "1.0.0",
      "dependencies": {
        "@warren-bank/serve": "^130002.18.3"
      }
    },
    "node_modules/@warren-bank/serve": {
      "version": "130002.18.3",
      "resolved": "https://registry.npmjs.org/@warren-bank/serve/-/serve-130002.18.3.tgz",
      "integrity": "sha512-pZyJRZ6N+tRkUlHf23oV6AVYppQS1FS71uoKPtkpIkcmvJd2K8hTZ+/IWaI1j+X9nNrucmqLDePFKT+pRZVMyg==",
      "hasInstallScript": true,
      "bin": {
        "serve": "lib/serve/bin/serve.js"
      }
    }
  },
  "dependencies": {
    "@warren-bank/serve": {
      "version": "130002.18.3",
      "resolved": "https://registry.npmjs.org/@warren-bank/serve/-/serve-130002.18.3.tgz",
      "integrity": "sha512-pZyJRZ6N+tRkUlHf23oV6AVYppQS1FS71uoKPtkpIkcmvJd2K8hTZ+/IWaI1j+X9nNrucmqLDePFKT+pRZVMyg=="
    }
  }
}
